
Microsoft Visual Studio Solution File, Format Version 12.00
# Visual Studio Version 16
VisualStudioVersion = 16.0.30204.135
MinimumVisualStudioVersion = 10.0.40219.1
Project("{FAE04EC0-301F-11D3-BF4B-00C04F79EFBC}") = "5", "5\5.csproj", "{81D9CBAF-153E-49CB-A346-C1E8D2822A2D}"
EndProject
Global
	GlobalSection(SolutionConfigurationPlatforms) = preSolution
		Debug|Any CPU = Debug|Any CPU
		Release|Any CPU = Release|Any CPU
	EndGlobalSection
	GlobalSection(ProjectConfigurationPlatforms) = postSolution
		{81D9CBAF-153E-49CB-A346-C1E8D2822A2D}.Debug|Any CPU.ActiveCfg = Debug|Any CPU
		{81D9CBAF-153E-49CB-A346-C1E8D2822A2D}.Debug|Any CPU.Build.0 = Debug|Any CPU
		{81D9CBAF-153E-49CB-A346-C1E8D2822A2D}.Release|Any CPU.ActiveCfg = Release|Any CPU
		{81D9CBAF-153E-49CB-A346-C1E8D2822A2D}.Release|Any CPU.Build.0 = Release|Any CPU
	EndGlobalSection
	GlobalSection(SolutionProperties) = preSolution
		HideSolutionNode = FALSE
	EndGlobalSection
	GlobalSection(ExtensibilityGlobals) = postSolution
		SolutionGuid = {3C42069E-44BD-46DC-856D-1A36E90F2E56}
	EndGlobalSection
EndGlobal
