
Microsoft Visual Studio Solution File, Format Version 12.00
# Visual Studio Version 16
VisualStudioVersion = 16.0.30204.135
MinimumVisualStudioVersion = 10.0.40219.1
Project("{FAE04EC0-301F-11D3-BF4B-00C04F79EFBC}") = "6", "6\6.csproj", "{5E0483E5-4675-4157-9494-40F4CCD82C28}"
EndProject
Global
	GlobalSection(SolutionConfigurationPlatforms) = preSolution
		Debug|Any CPU = Debug|Any CPU
		Release|Any CPU = Release|Any CPU
	EndGlobalSection
	GlobalSection(ProjectConfigurationPlatforms) = postSolution
		{5E0483E5-4675-4157-9494-40F4CCD82C28}.Debug|Any CPU.ActiveCfg = Debug|Any CPU
		{5E0483E5-4675-4157-9494-40F4CCD82C28}.Debug|Any CPU.Build.0 = Debug|Any CPU
		{5E0483E5-4675-4157-9494-40F4CCD82C28}.Release|Any CPU.ActiveCfg = Release|Any CPU
		{5E0483E5-4675-4157-9494-40F4CCD82C28}.Release|Any CPU.Build.0 = Release|Any CPU
	EndGlobalSection
	GlobalSection(SolutionProperties) = preSolution
		HideSolutionNode = FALSE
	EndGlobalSection
	GlobalSection(ExtensibilityGlobals) = postSolution
		SolutionGuid = {8FF88059-BF29-4834-9C29-5B9166DB0F1B}
	EndGlobalSection
EndGlobal
