
Microsoft Visual Studio Solution File, Format Version 12.00
# Visual Studio Version 16
VisualStudioVersion = 16.0.30204.135
MinimumVisualStudioVersion = 10.0.40219.1
Project("{FAE04EC0-301F-11D3-BF4B-00C04F79EFBC}") = "4", "4\4.csproj", "{BE8F7FCA-ADAE-4EBC-A091-C14187A85AFD}"
EndProject
Global
	GlobalSection(SolutionConfigurationPlatforms) = preSolution
		Debug|Any CPU = Debug|Any CPU
		Release|Any CPU = Release|Any CPU
	EndGlobalSection
	GlobalSection(ProjectConfigurationPlatforms) = postSolution
		{BE8F7FCA-ADAE-4EBC-A091-C14187A85AFD}.Debug|Any CPU.ActiveCfg = Debug|Any CPU
		{BE8F7FCA-ADAE-4EBC-A091-C14187A85AFD}.Debug|Any CPU.Build.0 = Debug|Any CPU
		{BE8F7FCA-ADAE-4EBC-A091-C14187A85AFD}.Release|Any CPU.ActiveCfg = Release|Any CPU
		{BE8F7FCA-ADAE-4EBC-A091-C14187A85AFD}.Release|Any CPU.Build.0 = Release|Any CPU
	EndGlobalSection
	GlobalSection(SolutionProperties) = preSolution
		HideSolutionNode = FALSE
	EndGlobalSection
	GlobalSection(ExtensibilityGlobals) = postSolution
		SolutionGuid = {26CD0019-1270-4726-B3D5-F6E3CABC472D}
	EndGlobalSection
EndGlobal
